{
    "_readme": [
        "This file locks the dependencies of your project to a known state",
        "Read more about it at http://getcomposer.org/doc/01-basic-usage.md#composer-lock-the-lock-file"
    ],
    "hash": "bfe0a785ec956e3425dd06f12f0a70a4",
    "packages": [
        {
            "name": "rackem/rackem",
            "version": "0.4.5",
            "source": {
                "type": "git",
                "url": "https://github.com/tamagokun/rackem.git",
                "reference": "4557b9f6db0ad8eb9daeeb947404f5c7b6e3dbdc"
            },
            "dist": {
                "type": "zip",
                "url": "https://api.github.com/repos/tamagokun/rackem/zipball/4557b9f6db0ad8eb9daeeb947404f5c7b6e3dbdc",
                "reference": "4557b9f6db0ad8eb9daeeb947404f5c7b6e3dbdc",
                "shasum": ""
            },
            "require": {
                "php": ">=5.3.0"
            },
            "require-dev": {
                "phpspec/phpspec2": "dev-master"
            },
            "bin": [
                "bin/rackem"
            ],
            "type": "library",
            "autoload": {
                "psr-0": {
                    "Rackem": "lib"
                }
            },
            "notification-url": "https://packagist.org/downloads/",
            "license": [
                "MIT"
            ],
            "authors": [
                {
                    "name": "Mike Kruk",
                    "email": "tamagokun@gmail.com",
                    "homepage": "http://ripeworks.com"
                }
            ],
            "description": "Rack for PHP",
            "homepage": "http://github.com/tamagokun/rackem",
            "keywords": [
                "http",
                "interface",
                "middleware",
                "rack",
                "webserver"
            ],
            "time": "2013-11-20 19:14:32"
        },
        {
            "name": "richthegeek/phpsass",
            "version": "2012-06-27",
            "source": {
                "type": "git",
                "url": "https://github.com/richthegeek/phpsass.git",
                "reference": "3ed604470630a11897e580f9551ad83dde715c1f"
            },
            "dist": {
                "type": "zip",
                "url": "https://api.github.com/repos/richthegeek/phpsass/zipball/3ed604470630a11897e580f9551ad83dde715c1f",
                "reference": "3ed604470630a11897e580f9551ad83dde715c1f",
                "shasum": ""
            },
            "type": "library",
            "autoload": {
                "classmap": [
                    "script/",
                    "renderers/",
                    "tree/",
                    "SassException.php",
                    "SassFile.php",
                    "SassParser.php"
                ]
            },
            "notification-url": "https://packagist.org/downloads/",
            "license": [
                "BSD-2-Clause"
            ],
            "authors": [
                {
                    "name": "Richard Lyon",
                    "homepage": "https://github.com/richthegeek"
                },
                {
                    "name": "Sebastian Siemssen",
                    "homepage": "https://twitter.com/thefubhy"
                },
                {
                    "name": "Steve Jones",
                    "homepage": "https://github.com/darthsteven"
                },
                {
                    "name": "Sam Richard",
                    "homepage": "https://github.com/snugug"
                }
            ],
            "description": "PHPSass is a PHP compiler for SASS, a popular CSS pre-processor language.",
            "homepage": "http://phpsass.com",
            "time": "2013-06-27 14:12:37"
        }
    ],
    "packages-dev": [

    ],
    "aliases": [

    ],
    "minimum-stability": "stable",
    "stability-flags": {
        "richthegeek/phpsass": 0,
        "rackem/rackem": 0
    },
    "platform": [

    ],
    "platform-dev": [

    ]
}
